
Microsoft Visual Studio Solution File, Format Version 12.00
# Visual Studio Version 17
VisualStudioVersion = 17.14.36518.9 d17.14
MinimumVisualStudioVersion = 10.0.40219.1
Project("{8BC9CEB8-8B4A-11D0-8D11-00A0C91BC942}") = "Ray Tracing in One Weekend", "Ray Tracing in One Weekend\Ray Tracing in One Weekend.vcxproj", "{FDCBDA8E-18BE-4BC3-8D1E-2532722C8ECF}"
EndProject
Global
	GlobalSection(SolutionConfigurationPlatforms) = preSolution
		Debug|x64 = Debug|x64
		Debug|x86 = Debug|x86
		Release|x64 = Release|x64
		Release|x86 = Release|x86
	EndGlobalSection
	GlobalSection(ProjectConfigurationPlatforms) = postSolution
		{FDCBDA8E-18BE-4BC3-8D1E-2532722C8ECF}.Debug|x64.ActiveCfg = Debug|x64
		{FDCBDA8E-18BE-4BC3-8D1E-2532722C8ECF}.Debug|x64.Build.0 = Debug|x64
		{FDCBDA8E-18BE-4BC3-8D1E-2532722C8ECF}.Debug|x86.ActiveCfg = Debug|Win32
		{FDCBDA8E-18BE-4BC3-8D1E-2532722C8ECF}.Debug|x86.Build.0 = Debug|Win32
		{FDCBDA8E-18BE-4BC3-8D1E-2532722C8ECF}.Release|x64.ActiveCfg = Release|x64
		{FDCBDA8E-18BE-4BC3-8D1E-2532722C8ECF}.Release|x64.Build.0 = Release|x64
		{FDCBDA8E-18BE-4BC3-8D1E-2532722C8ECF}.Release|x86.ActiveCfg = Release|Win32
		{FDCBDA8E-18BE-4BC3-8D1E-2532722C8ECF}.Release|x86.Build.0 = Release|Win32
	EndGlobalSection
	GlobalSection(SolutionProperties) = preSolution
		HideSolutionNode = FALSE
	EndGlobalSection
	GlobalSection(ExtensibilityGlobals) = postSolution
		SolutionGuid = {0D1F3EAF-1FE7-4A03-83A6-B40ACE7CE8F2}
	EndGlobalSection
EndGlobal
